
Microsoft Visual Studio Solution File, Format Version 12.00
# Visual Studio Version 16
VisualStudioVersion = 16.0.31410.223
MinimumVisualStudioVersion = 10.0.40219.1
Project("{FAE04EC0-301F-11D3-BF4B-00C04F79EFBC}") = "NegativeChecker", "NegativeChecker\NegativeChecker.csproj", "{7DC04154-FD6B-4A7B-9255-79CE69F379B2}"
EndProject
Global
	GlobalSection(SolutionConfigurationPlatforms) = preSolution
		Debug|Any CPU = Debug|Any CPU
		Release|Any CPU = Release|Any CPU
	EndGlobalSection
	GlobalSection(ProjectConfigurationPlatforms) = postSolution
		{7DC04154-FD6B-4A7B-9255-79CE69F379B2}.Debug|Any CPU.ActiveCfg = Debug|Any CPU
		{7DC04154-FD6B-4A7B-9255-79CE69F379B2}.Debug|Any CPU.Build.0 = Debug|Any CPU
		{7DC04154-FD6B-4A7B-9255-79CE69F379B2}.Release|Any CPU.ActiveCfg = Release|Any CPU
		{7DC04154-FD6B-4A7B-9255-79CE69F379B2}.Release|Any CPU.Build.0 = Release|Any CPU
	EndGlobalSection
	GlobalSection(SolutionProperties) = preSolution
		HideSolutionNode = FALSE
	EndGlobalSection
	GlobalSection(ExtensibilityGlobals) = postSolution
		SolutionGuid = {F5ECE8BE-687D-4147-9A2E-5D85861B0837}
	EndGlobalSection
EndGlobal
